
Microsoft Visual Studio Solution File, Format Version 12.00
# Visual Studio 15
VisualStudioVersion = 15.0.28307.572
MinimumVisualStudioVersion = 10.0.40219.1
Project("{8BC9CEB8-8B4A-11D0-8D11-00A0C91BC942}") = "StudentData", "StudentData\StudentData.vcxproj", "{26041CDE-B2FF-45EE-B511-A2F9435FFDE7}"
EndProject
Global
	GlobalSection(SolutionConfigurationPlatforms) = preSolution
		Debug|x64 = Debug|x64
		Debug|x86 = Debug|x86
		Release|x64 = Release|x64
		Release|x86 = Release|x86
	EndGlobalSection
	GlobalSection(ProjectConfigurationPlatforms) = postSolution
		{26041CDE-B2FF-45EE-B511-A2F9435FFDE7}.Debug|x64.ActiveCfg = Debug|x64
		{26041CDE-B2FF-45EE-B511-A2F9435FFDE7}.Debug|x64.Build.0 = Debug|x64
		{26041CDE-B2FF-45EE-B511-A2F9435FFDE7}.Debug|x86.ActiveCfg = Debug|Win32
		{26041CDE-B2FF-45EE-B511-A2F9435FFDE7}.Debug|x86.Build.0 = Debug|Win32
		{26041CDE-B2FF-45EE-B511-A2F9435FFDE7}.Release|x64.ActiveCfg = Release|x64
		{26041CDE-B2FF-45EE-B511-A2F9435FFDE7}.Release|x64.Build.0 = Release|x64
		{26041CDE-B2FF-45EE-B511-A2F9435FFDE7}.Release|x86.ActiveCfg = Release|Win32
		{26041CDE-B2FF-45EE-B511-A2F9435FFDE7}.Release|x86.Build.0 = Release|Win32
	EndGlobalSection
	GlobalSection(SolutionProperties) = preSolution
		HideSolutionNode = FALSE
	EndGlobalSection
	GlobalSection(ExtensibilityGlobals) = postSolution
		SolutionGuid = {219328A9-D3B7-4CEF-9A7D-B5D6ECD11977}
	EndGlobalSection
EndGlobal
